
Microsoft Visual Studio Solution File, Format Version 12.00
# Visual Studio Version 17
VisualStudioVersion = 17.0.32112.339
MinimumVisualStudioVersion = 10.0.40219.1
Project("{FAE04EC0-301F-11D3-BF4B-00C04F79EFBC}") = "Paint", "Paint\Paint.csproj", "{C36B297B-17B1-43B7-B687-53A4126E5803}"
EndProject
Project("{FAE04EC0-301F-11D3-BF4B-00C04F79EFBC}") = "PaintServer", "WindowsFormsApp1\PaintServer.csproj", "{2AB114D5-0E55-4687-8914-52C59CB81D17}"
EndProject
Global
	GlobalSection(SolutionConfigurationPlatforms) = preSolution
		Debug|Any CPU = Debug|Any CPU
		Release|Any CPU = Release|Any CPU
	EndGlobalSection
	GlobalSection(ProjectConfigurationPlatforms) = postSolution
		{C36B297B-17B1-43B7-B687-53A4126E5803}.Debug|Any CPU.ActiveCfg = Debug|Any CPU
		{C36B297B-17B1-43B7-B687-53A4126E5803}.Debug|Any CPU.Build.0 = Debug|Any CPU
		{C36B297B-17B1-43B7-B687-53A4126E5803}.Release|Any CPU.ActiveCfg = Release|Any CPU
		{C36B297B-17B1-43B7-B687-53A4126E5803}.Release|Any CPU.Build.0 = Release|Any CPU
		{2AB114D5-0E55-4687-8914-52C59CB81D17}.Debug|Any CPU.ActiveCfg = Debug|Any CPU
		{2AB114D5-0E55-4687-8914-52C59CB81D17}.Debug|Any CPU.Build.0 = Debug|Any CPU
		{2AB114D5-0E55-4687-8914-52C59CB81D17}.Release|Any CPU.ActiveCfg = Release|Any CPU
		{2AB114D5-0E55-4687-8914-52C59CB81D17}.Release|Any CPU.Build.0 = Release|Any CPU
	EndGlobalSection
	GlobalSection(SolutionProperties) = preSolution
		HideSolutionNode = FALSE
	EndGlobalSection
	GlobalSection(ExtensibilityGlobals) = postSolution
		SolutionGuid = {E1B3DD77-8681-48AB-AEEA-DB69673FD2D4}
	EndGlobalSection
EndGlobal
